<?xml version="1.0" encoding="UTF-8" standalone="yes" ?>
<CodeBlocks_project_file>
	<FileVersion major="1" minor="6" />
	<Project>
		<Option title="wiringPi" />
		<Option pch_mode="2" />
		<Option compiler="cygwin" />
		<Build>
			<Target title="Debug">
				<Option output="bin/Debug/wiringPi" prefix_auto="1" extension_auto="1" />
				<Option object_output="obj/Debug/" />
				<Option type="1" />
				<Option compiler="cygwin" />
				<Compiler>
					<Add option="-g" />
				</Compiler>
			</Target>
			<Target title="Release">
				<Option output="bin/Release/wiringPi" prefix_auto="1" extension_auto="1" />
				<Option object_output="obj/Release/" />
				<Option type="1" />
				<Option compiler="cygwin" />
				<Compiler>
					<Add option="-O2" />
				</Compiler>
			</Target>
		</Build>
		<Compiler>
			<Add option="-Wall" />
		</Compiler>
		<Unit filename="drcSerial.cpp">
			<Option compilerVar="CC" />
		</Unit>
		<Unit filename="drcSerial.h" />
		<Unit filename="max31855.cpp">
			<Option compilerVar="CC" />
		</Unit>
		<Unit filename="max31855.h" />
		<Unit filename="max5322.cpp">
			<Option compilerVar="CC" />
		</Unit>
		<Unit filename="max5322.h" />
		<Unit filename="mcp23008.cpp">
			<Option compilerVar="CC" />
		</Unit>
		<Unit filename="mcp23008.h" />
		<Unit filename="mcp23016.cpp">
			<Option compilerVar="CC" />
		</Unit>
		<Unit filename="mcp23016.h" />
		<Unit filename="mcp23016reg.h" />
		<Unit filename="mcp23017.cpp">
			<Option compilerVar="CC" />
		</Unit>
		<Unit filename="mcp23017.h" />
		<Unit filename="mcp23s08.cpp">
			<Option compilerVar="CC" />
		</Unit>
		<Unit filename="mcp23s08.h" />
		<Unit filename="mcp23s17.cpp">
			<Option compilerVar="CC" />
		</Unit>
		<Unit filename="mcp23s17.h" />
		<Unit filename="mcp23x08.h" />
		<Unit filename="mcp23x0817.h" />
		<Unit filename="mcp3002.cpp">
			<Option compilerVar="CC" />
		</Unit>
		<Unit filename="mcp3002.h" />
		<Unit filename="mcp3004.cpp">
			<Option compilerVar="CC" />
		</Unit>
		<Unit filename="mcp3004.h" />
		<Unit filename="mcp3422.cpp">
			<Option compilerVar="CC" />
		</Unit>
		<Unit filename="mcp3422.h" />
		<Unit filename="mcp4802.cpp">
			<Option compilerVar="CC" />
		</Unit>
		<Unit filename="mcp4802.h" />
		<Unit filename="pcf8574.cpp">
			<Option compilerVar="CC" />
		</Unit>
		<Unit filename="pcf8574.h" />
		<Unit filename="pcf8591.cpp">
			<Option compilerVar="CC" />
		</Unit>
		<Unit filename="pcf8591.h" />
		<Unit filename="piHiPri.cpp">
			<Option compilerVar="CC" />
		</Unit>
		<Unit filename="piThread.cpp">
			<Option compilerVar="CC" />
		</Unit>
		<Unit filename="sn3218.cpp">
			<Option compilerVar="CC" />
		</Unit>
		<Unit filename="sn3218.h" />
		<Unit filename="softPwm.cpp">
			<Option compilerVar="CC" />
		</Unit>
		<Unit filename="softPwm.h" />
		<Unit filename="softServo.cpp">
			<Option compilerVar="CC" />
		</Unit>
		<Unit filename="softServo.h" />
		<Unit filename="softTone.cpp">
			<Option compilerVar="CC" />
		</Unit>
		<Unit filename="softTone.h" />
		<Unit filename="sr595.cpp">
			<Option compilerVar="CC" />
		</Unit>
		<Unit filename="sr595.h" />
		<Unit filename="wiringPi.cpp">
			<Option compilerVar="CC" />
		</Unit>
		<Unit filename="wiringPi.h" />
		<Unit filename="wiringPiI2C.cpp">
			<Option compilerVar="CC" />
		</Unit>
		<Unit filename="wiringPiI2C.h" />
		<Unit filename="wiringPiSPI.cpp">
			<Option compilerVar="CC" />
		</Unit>
		<Unit filename="wiringPiSPI.h" />
		<Unit filename="wiringSerial.cpp">
			<Option compilerVar="CC" />
		</Unit>
		<Unit filename="wiringSerial.h" />
		<Unit filename="wiringShift.cpp">
			<Option compilerVar="CC" />
		</Unit>
		<Unit filename="wiringShift.h" />
		<Unit filename="wpiExtensions.cpp">
			<Option compilerVar="CC" />
		</Unit>
		<Unit filename="wpiExtensions.h" />
		<Extensions>
			<code_completion />
			<envvars />
			<debugger />
			<lib_finder disable_auto="1" />
		</Extensions>
	</Project>
</CodeBlocks_project_file>
